
Microsoft Visual Studio Solution File, Format Version 12.00
# Visual Studio Version 17
VisualStudioVersion = 17.9.34728.123
MinimumVisualStudioVersion = 10.0.40219.1
Project("{FAE04EC0-301F-11D3-BF4B-00C04F79EFBC}") = "TP4_Web_Equipo26", "WebApp\TP4_Web_Equipo26.csproj", "{67F7ABBC-24F5-4202-851A-F15C3F2518F0}"
EndProject
Project("{FAE04EC0-301F-11D3-BF4B-00C04F79EFBC}") = "dominio", "dominio\dominio.csproj", "{616C04AB-63EE-4702-AC82-00E26E8A69C3}"
EndProject
Project("{FAE04EC0-301F-11D3-BF4B-00C04F79EFBC}") = "negocio", "Negocio\negocio.csproj", "{D020A6BB-2C9B-4D69-ACD5-519EFAACA650}"
EndProject
Global
	GlobalSection(SolutionConfigurationPlatforms) = preSolution
		Debug|Any CPU = Debug|Any CPU
		Release|Any CPU = Release|Any CPU
	EndGlobalSection
	GlobalSection(ProjectConfigurationPlatforms) = postSolution
		{67F7ABBC-24F5-4202-851A-F15C3F2518F0}.Debug|Any CPU.ActiveCfg = Debug|Any CPU
		{67F7ABBC-24F5-4202-851A-F15C3F2518F0}.Debug|Any CPU.Build.0 = Debug|Any CPU
		{67F7ABBC-24F5-4202-851A-F15C3F2518F0}.Release|Any CPU.ActiveCfg = Release|Any CPU
		{67F7ABBC-24F5-4202-851A-F15C3F2518F0}.Release|Any CPU.Build.0 = Release|Any CPU
		{616C04AB-63EE-4702-AC82-00E26E8A69C3}.Debug|Any CPU.ActiveCfg = Debug|Any CPU
		{616C04AB-63EE-4702-AC82-00E26E8A69C3}.Debug|Any CPU.Build.0 = Debug|Any CPU
		{616C04AB-63EE-4702-AC82-00E26E8A69C3}.Release|Any CPU.ActiveCfg = Release|Any CPU
		{616C04AB-63EE-4702-AC82-00E26E8A69C3}.Release|Any CPU.Build.0 = Release|Any CPU
		{D020A6BB-2C9B-4D69-ACD5-519EFAACA650}.Debug|Any CPU.ActiveCfg = Debug|Any CPU
		{D020A6BB-2C9B-4D69-ACD5-519EFAACA650}.Debug|Any CPU.Build.0 = Debug|Any CPU
		{D020A6BB-2C9B-4D69-ACD5-519EFAACA650}.Release|Any CPU.ActiveCfg = Release|Any CPU
		{D020A6BB-2C9B-4D69-ACD5-519EFAACA650}.Release|Any CPU.Build.0 = Release|Any CPU
	EndGlobalSection
	GlobalSection(SolutionProperties) = preSolution
		HideSolutionNode = FALSE
	EndGlobalSection
	GlobalSection(ExtensibilityGlobals) = postSolution
		SolutionGuid = {AA7B11A0-6F0D-4094-8902-18CFEB48B88A}
	EndGlobalSection
EndGlobal
